
Microsoft Visual Studio Solution File, Format Version 12.00
# Visual Studio Version 17
VisualStudioVersion = 17.0.31912.275
MinimumVisualStudioVersion = 10.0.40219.1
Project("{FAE04EC0-301F-11D3-BF4B-00C04F79EFBC}") = "IDSC_Task", "IDSC_Task.csproj", "{9D78C98A-AD0E-434B-A948-F0730CA4F62D}"
EndProject
Project("{FAE04EC0-301F-11D3-BF4B-00C04F79EFBC}") = "IDSC_Task.Core", "..\IDSC_Task.Core\IDSC_Task.Core.csproj", "{C88B5553-A5F4-4855-86AD-9D8FCA476CEF}"
EndProject
Project("{FAE04EC0-301F-11D3-BF4B-00C04F79EFBC}") = "IDSC_Task.EF", "..\IDSC_Task.EF\IDSC_Task.EF.csproj", "{60925969-FA4D-47AB-8A14-D0F5D0F11A57}"
EndProject
Global
	GlobalSection(SolutionConfigurationPlatforms) = preSolution
		Debug|Any CPU = Debug|Any CPU
		Release|Any CPU = Release|Any CPU
	EndGlobalSection
	GlobalSection(ProjectConfigurationPlatforms) = postSolution
		{9D78C98A-AD0E-434B-A948-F0730CA4F62D}.Debug|Any CPU.ActiveCfg = Debug|Any CPU
		{9D78C98A-AD0E-434B-A948-F0730CA4F62D}.Debug|Any CPU.Build.0 = Debug|Any CPU
		{9D78C98A-AD0E-434B-A948-F0730CA4F62D}.Release|Any CPU.ActiveCfg = Release|Any CPU
		{9D78C98A-AD0E-434B-A948-F0730CA4F62D}.Release|Any CPU.Build.0 = Release|Any CPU
		{C88B5553-A5F4-4855-86AD-9D8FCA476CEF}.Debug|Any CPU.ActiveCfg = Debug|Any CPU
		{C88B5553-A5F4-4855-86AD-9D8FCA476CEF}.Debug|Any CPU.Build.0 = Debug|Any CPU
		{C88B5553-A5F4-4855-86AD-9D8FCA476CEF}.Release|Any CPU.ActiveCfg = Release|Any CPU
		{C88B5553-A5F4-4855-86AD-9D8FCA476CEF}.Release|Any CPU.Build.0 = Release|Any CPU
		{60925969-FA4D-47AB-8A14-D0F5D0F11A57}.Debug|Any CPU.ActiveCfg = Debug|Any CPU
		{60925969-FA4D-47AB-8A14-D0F5D0F11A57}.Debug|Any CPU.Build.0 = Debug|Any CPU
		{60925969-FA4D-47AB-8A14-D0F5D0F11A57}.Release|Any CPU.ActiveCfg = Release|Any CPU
		{60925969-FA4D-47AB-8A14-D0F5D0F11A57}.Release|Any CPU.Build.0 = Release|Any CPU
	EndGlobalSection
	GlobalSection(SolutionProperties) = preSolution
		HideSolutionNode = FALSE
	EndGlobalSection
	GlobalSection(ExtensibilityGlobals) = postSolution
		SolutionGuid = {73B549DE-8E0A-4EA7-AD23-9CA3BC172820}
	EndGlobalSection
EndGlobal
